version = 1
revision = 1
requires-python = ">=3.12"

[[package]]
name = "httptools"
version = "0.6.4"
source = { registry = "https://pypi.org/simple" }
sdist = { url = "https://files.pythonhosted.org/packages/a7/9a/ce5e1f7e131522e6d3426e8e7a490b3a01f39a6696602e1c4f33f9e94277/httptools-0.6.4.tar.gz", hash = "sha256:4e93eee4add6493b59a5c514da98c939b244fce4a0d8879cd3f466562f4b7d5c", size = 240639 }
wheels = [
    { url = "https://files.pythonhosted.org/packages/bb/0e/d0b71465c66b9185f90a091ab36389a7352985fe857e352801c39d6127c8/httptools-0.6.4-cp312-cp312-macosx_10_13_universal2.whl", hash = "sha256:df017d6c780287d5c80601dafa31f17bddb170232d85c066604d8558683711a2", size = 200683 },
    { url = "https://files.pythonhosted.org/packages/e2/b8/412a9bb28d0a8988de3296e01efa0bd62068b33856cdda47fe1b5e890954/httptools-0.6.4-cp312-cp312-macosx_11_0_arm64.whl", hash = "sha256:85071a1e8c2d051b507161f6c3e26155b5c790e4e28d7f236422dbacc2a9cc44", size = 104337 },
    { url = "https://files.pythonhosted.org/packages/9b/01/6fb20be3196ffdc8eeec4e653bc2a275eca7f36634c86302242c4fbb2760/httptools-0.6.4-cp312-cp312-manylinux_2_17_aarch64.manylinux2014_aarch64.whl", hash = "sha256:69422b7f458c5af875922cdb5bd586cc1f1033295aa9ff63ee196a87519ac8e1", size = 508796 },
    { url = "https://files.pythonhosted.org/packages/f7/d8/b644c44acc1368938317d76ac991c9bba1166311880bcc0ac297cb9d6bd7/httptools-0.6.4-cp312-cp312-manylinux_2_5_x86_64.manylinux1_x86_64.manylinux_2_17_x86_64.manylinux2014_x86_64.whl", hash = "sha256:16e603a3bff50db08cd578d54f07032ca1631450ceb972c2f834c2b860c28ea2", size = 510837 },
    { url = "https://files.pythonhosted.org/packages/52/d8/254d16a31d543073a0e57f1c329ca7378d8924e7e292eda72d0064987486/httptools-0.6.4-cp312-cp312-musllinux_1_2_aarch64.whl", hash = "sha256:ec4f178901fa1834d4a060320d2f3abc5c9e39766953d038f1458cb885f47e81", size = 485289 },
    { url = "https://files.pythonhosted.org/packages/5f/3c/4aee161b4b7a971660b8be71a92c24d6c64372c1ab3ae7f366b3680df20f/httptools-0.6.4-cp312-cp312-musllinux_1_2_x86_64.whl", hash = "sha256:f9eb89ecf8b290f2e293325c646a211ff1c2493222798bb80a530c5e7502494f", size = 489779 },
    { url = "https://files.pythonhosted.org/packages/12/b7/5cae71a8868e555f3f67a50ee7f673ce36eac970f029c0c5e9d584352961/httptools-0.6.4-cp312-cp312-win_amd64.whl", hash = "sha256:db78cb9ca56b59b016e64b6031eda5653be0589dba2b1b43453f6e8b405a0970", size = 88634 },
    { url = "https://files.pythonhosted.org/packages/94/a3/9fe9ad23fd35f7de6b91eeb60848986058bd8b5a5c1e256f5860a160cc3e/httptools-0.6.4-cp313-cp313-macosx_10_13_universal2.whl", hash = "sha256:ade273d7e767d5fae13fa637f4d53b6e961fb7fd93c7797562663f0171c26660", size = 197214 },
    { url = "https://files.pythonhosted.org/packages/ea/d9/82d5e68bab783b632023f2fa31db20bebb4e89dfc4d2293945fd68484ee4/httptools-0.6.4-cp313-cp313-macosx_11_0_arm64.whl", hash = "sha256:856f4bc0478ae143bad54a4242fccb1f3f86a6e1be5548fecfd4102061b3a083", size = 102431 },
    { url = "https://files.pythonhosted.org/packages/96/c1/cb499655cbdbfb57b577734fde02f6fa0bbc3fe9fb4d87b742b512908dff/httptools-0.6.4-cp313-cp313-manylinux_2_17_aarch64.manylinux2014_aarch64.whl", hash = "sha256:322d20ea9cdd1fa98bd6a74b77e2ec5b818abdc3d36695ab402a0de8ef2865a3", size = 473121 },
    { url = "https://files.pythonhosted.org/packages/af/71/ee32fd358f8a3bb199b03261f10921716990808a675d8160b5383487a317/httptools-0.6.4-cp313-cp313-manylinux_2_5_x86_64.manylinux1_x86_64.manylinux_2_17_x86_64.manylinux2014_x86_64.whl", hash = "sha256:4d87b29bd4486c0093fc64dea80231f7c7f7eb4dc70ae394d70a495ab8436071", size = 473805 },
    { url = "https://files.pythonhosted.org/packages/8a/0a/0d4df132bfca1507114198b766f1737d57580c9ad1cf93c1ff673e3387be/httptools-0.6.4-cp313-cp313-musllinux_1_2_aarch64.whl", hash = "sha256:342dd6946aa6bda4b8f18c734576106b8a31f2fe31492881a9a160ec84ff4bd5", size = 448858 },
    { url = "https://files.pythonhosted.org/packages/1e/6a/787004fdef2cabea27bad1073bf6a33f2437b4dbd3b6fb4a9d71172b1c7c/httptools-0.6.4-cp313-cp313-musllinux_1_2_x86_64.whl", hash = "sha256:4b36913ba52008249223042dca46e69967985fb4051951f94357ea681e1f5dc0", size = 452042 },
    { url = "https://files.pythonhosted.org/packages/4d/dc/7decab5c404d1d2cdc1bb330b1bf70e83d6af0396fd4fc76fc60c0d522bf/httptools-0.6.4-cp313-cp313-win_amd64.whl", hash = "sha256:28908df1b9bb8187393d5b5db91435ccc9c8e891657f9cbb42a2541b44c82fc8", size = 87682 },
]

[[package]]
name = "py-reverse-proxy-poc"
version = "0.1.0"
source = { virtual = "." }
dependencies = [
    { name = "httptools" },
    { name = "uvloop" },
]

[package.metadata]
requires-dist = [
    { name = "httptools", specifier = ">=0.6.4" },
    { name = "uvloop", specifier = ">=0.21.0" },
]

[[package]]
name = "uvloop"
version = "0.21.0"
source = { registry = "https://pypi.org/simple" }
sdist = { url = "https://files.pythonhosted.org/packages/af/c0/854216d09d33c543f12a44b393c402e89a920b1a0a7dc634c42de91b9cf6/uvloop-0.21.0.tar.gz", hash = "sha256:3bf12b0fda68447806a7ad847bfa591613177275d35b6724b1ee573faa3704e3", size = 2492741 }
wheels = [
    { url = "https://files.pythonhosted.org/packages/8c/4c/03f93178830dc7ce8b4cdee1d36770d2f5ebb6f3d37d354e061eefc73545/uvloop-0.21.0-cp312-cp312-macosx_10_13_universal2.whl", hash = "sha256:359ec2c888397b9e592a889c4d72ba3d6befba8b2bb01743f72fffbde663b59c", size = 1471284 },
    { url = "https://files.pythonhosted.org/packages/43/3e/92c03f4d05e50f09251bd8b2b2b584a2a7f8fe600008bcc4523337abe676/uvloop-0.21.0-cp312-cp312-macosx_10_13_x86_64.whl", hash = "sha256:f7089d2dc73179ce5ac255bdf37c236a9f914b264825fdaacaded6990a7fb4c2", size = 821349 },
    { url = "https://files.pythonhosted.org/packages/a6/ef/a02ec5da49909dbbfb1fd205a9a1ac4e88ea92dcae885e7c961847cd51e2/uvloop-0.21.0-cp312-cp312-manylinux_2_17_aarch64.manylinux2014_aarch64.whl", hash = "sha256:baa4dcdbd9ae0a372f2167a207cd98c9f9a1ea1188a8a526431eef2f8116cc8d", size = 4580089 },
    { url = "https://files.pythonhosted.org/packages/06/a7/b4e6a19925c900be9f98bec0a75e6e8f79bb53bdeb891916609ab3958967/uvloop-0.21.0-cp312-cp312-manylinux_2_17_x86_64.manylinux2014_x86_64.whl", hash = "sha256:86975dca1c773a2c9864f4c52c5a55631038e387b47eaf56210f873887b6c8dc", size = 4693770 },
    { url = "https://files.pythonhosted.org/packages/ce/0c/f07435a18a4b94ce6bd0677d8319cd3de61f3a9eeb1e5f8ab4e8b5edfcb3/uvloop-0.21.0-cp312-cp312-musllinux_1_2_aarch64.whl", hash = "sha256:461d9ae6660fbbafedd07559c6a2e57cd553b34b0065b6550685f6653a98c1cb", size = 4451321 },
    { url = "https://files.pythonhosted.org/packages/8f/eb/f7032be105877bcf924709c97b1bf3b90255b4ec251f9340cef912559f28/uvloop-0.21.0-cp312-cp312-musllinux_1_2_x86_64.whl", hash = "sha256:183aef7c8730e54c9a3ee3227464daed66e37ba13040bb3f350bc2ddc040f22f", size = 4659022 },
    { url = "https://files.pythonhosted.org/packages/3f/8d/2cbef610ca21539f0f36e2b34da49302029e7c9f09acef0b1c3b5839412b/uvloop-0.21.0-cp313-cp313-macosx_10_13_universal2.whl", hash = "sha256:bfd55dfcc2a512316e65f16e503e9e450cab148ef11df4e4e679b5e8253a5281", size = 1468123 },
    { url = "https://files.pythonhosted.org/packages/93/0d/b0038d5a469f94ed8f2b2fce2434a18396d8fbfb5da85a0a9781ebbdec14/uvloop-0.21.0-cp313-cp313-macosx_10_13_x86_64.whl", hash = "sha256:787ae31ad8a2856fc4e7c095341cccc7209bd657d0e71ad0dc2ea83c4a6fa8af", size = 819325 },
    { url = "https://files.pythonhosted.org/packages/50/94/0a687f39e78c4c1e02e3272c6b2ccdb4e0085fda3b8352fecd0410ccf915/uvloop-0.21.0-cp313-cp313-manylinux_2_17_aarch64.manylinux2014_aarch64.whl", hash = "sha256:5ee4d4ef48036ff6e5cfffb09dd192c7a5027153948d85b8da7ff705065bacc6", size = 4582806 },
    { url = "https://files.pythonhosted.org/packages/d2/19/f5b78616566ea68edd42aacaf645adbf71fbd83fc52281fba555dc27e3f1/uvloop-0.21.0-cp313-cp313-manylinux_2_17_x86_64.manylinux2014_x86_64.whl", hash = "sha256:f3df876acd7ec037a3d005b3ab85a7e4110422e4d9c1571d4fc89b0fc41b6816", size = 4701068 },
    { url = "https://files.pythonhosted.org/packages/47/57/66f061ee118f413cd22a656de622925097170b9380b30091b78ea0c6ea75/uvloop-0.21.0-cp313-cp313-musllinux_1_2_aarch64.whl", hash = "sha256:bd53ecc9a0f3d87ab847503c2e1552b690362e005ab54e8a48ba97da3924c0dc", size = 4454428 },
    { url = "https://files.pythonhosted.org/packages/63/9a/0962b05b308494e3202d3f794a6e85abe471fe3cafdbcf95c2e8c713aabd/uvloop-0.21.0-cp313-cp313-musllinux_1_2_x86_64.whl", hash = "sha256:a5c39f217ab3c663dc699c04cbd50c13813e31d917642d459fdcec07555cc553", size = 4660018 },
]
